
Microsoft Visual Studio Solution File, Format Version 12.00
# Visual Studio Version 17
VisualStudioVersion = 17.7.34024.191
MinimumVisualStudioVersion = 10.0.40219.1
Project("{9A19103F-16F7-4668-BE54-9A1E7A4F7556}") = "SnackbarB2C2", "SnackbarB2C2.csproj", "{0A9386E9-F143-426D-A29B-1FB4E34B026F}"
EndProject
Project("{FAE04EC0-301F-11D3-BF4B-00C04F79EFBC}") = "SnackbarB2C2Library", "..\SnackbarB2C2Library\SnackbarB2C2Library.csproj", "{AEB8A88B-3FC1-4D83-8A90-24CE1E2E7541}"
EndProject
Global
	GlobalSection(SolutionConfigurationPlatforms) = preSolution
		Debug|Any CPU = Debug|Any CPU
		Release|Any CPU = Release|Any CPU
	EndGlobalSection
	GlobalSection(ProjectConfigurationPlatforms) = postSolution
		{0A9386E9-F143-426D-A29B-1FB4E34B026F}.Debug|Any CPU.ActiveCfg = Debug|Any CPU
		{0A9386E9-F143-426D-A29B-1FB4E34B026F}.Debug|Any CPU.Build.0 = Debug|Any CPU
		{0A9386E9-F143-426D-A29B-1FB4E34B026F}.Release|Any CPU.ActiveCfg = Release|Any CPU
		{0A9386E9-F143-426D-A29B-1FB4E34B026F}.Release|Any CPU.Build.0 = Release|Any CPU
		{AEB8A88B-3FC1-4D83-8A90-24CE1E2E7541}.Debug|Any CPU.ActiveCfg = Debug|Any CPU
		{AEB8A88B-3FC1-4D83-8A90-24CE1E2E7541}.Debug|Any CPU.Build.0 = Debug|Any CPU
		{AEB8A88B-3FC1-4D83-8A90-24CE1E2E7541}.Release|Any CPU.ActiveCfg = Release|Any CPU
		{AEB8A88B-3FC1-4D83-8A90-24CE1E2E7541}.Release|Any CPU.Build.0 = Release|Any CPU
	EndGlobalSection
	GlobalSection(SolutionProperties) = preSolution
		HideSolutionNode = FALSE
	EndGlobalSection
	GlobalSection(ExtensibilityGlobals) = postSolution
		SolutionGuid = {B865359D-2D58-4E88-8F3C-F27330199858}
	EndGlobalSection
EndGlobal
